
Microsoft Visual Studio Solution File, Format Version 12.00
# Visual Studio 15
VisualStudioVersion = 15.0.28307.106
MinimumVisualStudioVersion = 10.0.40219.1
Project("{FAE04EC0-301F-11D3-BF4B-00C04F79EFBC}") = "Palindrome", "Palindrome\Palindrome.csproj", "{A229E584-D276-4D74-81D9-F0C6BD6AEF86}"
EndProject
Global
	GlobalSection(SolutionConfigurationPlatforms) = preSolution
		Debug|Any CPU = Debug|Any CPU
		Release|Any CPU = Release|Any CPU
	EndGlobalSection
	GlobalSection(ProjectConfigurationPlatforms) = postSolution
		{A229E584-D276-4D74-81D9-F0C6BD6AEF86}.Debug|Any CPU.ActiveCfg = Debug|Any CPU
		{A229E584-D276-4D74-81D9-F0C6BD6AEF86}.Debug|Any CPU.Build.0 = Debug|Any CPU
		{A229E584-D276-4D74-81D9-F0C6BD6AEF86}.Release|Any CPU.ActiveCfg = Release|Any CPU
		{A229E584-D276-4D74-81D9-F0C6BD6AEF86}.Release|Any CPU.Build.0 = Release|Any CPU
	EndGlobalSection
	GlobalSection(SolutionProperties) = preSolution
		HideSolutionNode = FALSE
	EndGlobalSection
	GlobalSection(ExtensibilityGlobals) = postSolution
		SolutionGuid = {01A34D4C-CBBC-428D-A439-6D0080175977}
	EndGlobalSection
EndGlobal
